
Microsoft Visual Studio Solution File, Format Version 12.00
# Visual Studio 14
VisualStudioVersion = 14.0.25123.0
MinimumVisualStudioVersion = 10.0.40219.1
Project("{FAE04EC0-301F-11D3-BF4B-00C04F79EFBC}") = "AguaInteligente.Droid", "AguaInteligente\AguaInteligente.Droid\AguaInteligente.Droid.csproj", "{8D185102-688E-4A1C-BD2A-7A24596F4609}"
EndProject
Project("{FAE04EC0-301F-11D3-BF4B-00C04F79EFBC}") = "AguaInteligente", "AguaInteligente\AguaInteligente\AguaInteligente.csproj", "{0EDA90CF-3B76-4860-8DD8-34A7D52F8A50}"
EndProject
Project("{FAE04EC0-301F-11D3-BF4B-00C04F79EFBC}") = "AguaInteligente.UWP", "AguaInteligente\AguaInteligente.UWP\AguaInteligente.UWP.csproj", "{4333D13C-CA4F-4A08-893C-4B6C62B93921}"
EndProject
Global
	GlobalSection(SolutionConfigurationPlatforms) = preSolution
		AppStore|Any CPU = AppStore|Any CPU
		AppStore|ARM = AppStore|ARM
		AppStore|iPhone = AppStore|iPhone
		AppStore|iPhoneSimulator = AppStore|iPhoneSimulator
		AppStore|x64 = AppStore|x64
		AppStore|x86 = AppStore|x86
		Debug|Any CPU = Debug|Any CPU
		Debug|ARM = Debug|ARM
		Debug|iPhone = Debug|iPhone
		Debug|iPhoneSimulator = Debug|iPhoneSimulator
		Debug|x64 = Debug|x64
		Debug|x86 = Debug|x86
		Release|Any CPU = Release|Any CPU
		Release|ARM = Release|ARM
		Release|iPhone = Release|iPhone
		Release|iPhoneSimulator = Release|iPhoneSimulator
		Release|x64 = Release|x64
		Release|x86 = Release|x86
	EndGlobalSection
	GlobalSection(ProjectConfigurationPlatforms) = postSolution
		{8D185102-688E-4A1C-BD2A-7A24596F4609}.AppStore|Any CPU.ActiveCfg = Release|Any CPU
		{8D185102-688E-4A1C-BD2A-7A24596F4609}.AppStore|Any CPU.Build.0 = Release|Any CPU
		{8D185102-688E-4A1C-BD2A-7A24596F4609}.AppStore|Any CPU.Deploy.0 = Release|Any CPU
		{8D185102-688E-4A1C-BD2A-7A24596F4609}.AppStore|ARM.ActiveCfg = Release|Any CPU
		{8D185102-688E-4A1C-BD2A-7A24596F4609}.AppStore|ARM.Build.0 = Release|Any CPU
		{8D185102-688E-4A1C-BD2A-7A24596F4609}.AppStore|ARM.Deploy.0 = Release|Any CPU
		{8D185102-688E-4A1C-BD2A-7A24596F4609}.AppStore|iPhone.ActiveCfg = Release|Any CPU
		{8D185102-688E-4A1C-BD2A-7A24596F4609}.AppStore|iPhone.Build.0 = Release|Any CPU
		{8D185102-688E-4A1C-BD2A-7A24596F4609}.AppStore|iPhone.Deploy.0 = Release|Any CPU
		{8D185102-688E-4A1C-BD2A-7A24596F4609}.AppStore|iPhoneSimulator.ActiveCfg = Release|Any CPU
		{8D185102-688E-4A1C-BD2A-7A24596F4609}.AppStore|iPhoneSimulator.Build.0 = Release|Any CPU
		{8D185102-688E-4A1C-BD2A-7A24596F4609}.AppStore|iPhoneSimulator.Deploy.0 = Release|Any CPU
		{8D185102-688E-4A1C-BD2A-7A24596F4609}.AppStore|x64.ActiveCfg = Release|Any CPU
		{8D185102-688E-4A1C-BD2A-7A24596F4609}.AppStore|x64.Build.0 = Release|Any CPU
		{8D185102-688E-4A1C-BD2A-7A24596F4609}.AppStore|x64.Deploy.0 = Release|Any CPU
		{8D185102-688E-4A1C-BD2A-7A24596F4609}.AppStore|x86.ActiveCfg = Release|Any CPU
		{8D185102-688E-4A1C-BD2A-7A24596F4609}.AppStore|x86.Build.0 = Release|Any CPU
		{8D185102-688E-4A1C-BD2A-7A24596F4609}.AppStore|x86.Deploy.0 = Release|Any CPU
		{8D185102-688E-4A1C-BD2A-7A24596F4609}.Debug|Any CPU.ActiveCfg = Debug|Any CPU
		{8D185102-688E-4A1C-BD2A-7A24596F4609}.Debug|Any CPU.Build.0 = Debug|Any CPU
		{8D185102-688E-4A1C-BD2A-7A24596F4609}.Debug|Any CPU.Deploy.0 = Debug|Any CPU
		{8D185102-688E-4A1C-BD2A-7A24596F4609}.Debug|ARM.ActiveCfg = Debug|Any CPU
		{8D185102-688E-4A1C-BD2A-7A24596F4609}.Debug|ARM.Build.0 = Debug|Any CPU
		{8D185102-688E-4A1C-BD2A-7A24596F4609}.Debug|ARM.Deploy.0 = Debug|Any CPU
		{8D185102-688E-4A1C-BD2A-7A24596F4609}.Debug|iPhone.ActiveCfg = Debug|Any CPU
		{8D185102-688E-4A1C-BD2A-7A24596F4609}.Debug|iPhone.Build.0 = Debug|Any CPU
		{8D185102-688E-4A1C-BD2A-7A24596F4609}.Debug|iPhone.Deploy.0 = Debug|Any CPU
		{8D185102-688E-4A1C-BD2A-7A24596F4609}.Debug|iPhoneSimulator.ActiveCfg = Debug|Any CPU
		{8D185102-688E-4A1C-BD2A-7A24596F4609}.Debug|iPhoneSimulator.Build.0 = Debug|Any CPU
		{8D185102-688E-4A1C-BD2A-7A24596F4609}.Debug|iPhoneSimulator.Deploy.0 = Debug|Any CPU
		{8D185102-688E-4A1C-BD2A-7A24596F4609}.Debug|x64.ActiveCfg = Debug|Any CPU
		{8D185102-688E-4A1C-BD2A-7A24596F4609}.Debug|x64.Build.0 = Debug|Any CPU
		{8D185102-688E-4A1C-BD2A-7A24596F4609}.Debug|x64.Deploy.0 = Debug|Any CPU
		{8D185102-688E-4A1C-BD2A-7A24596F4609}.Debug|x86.ActiveCfg = Debug|Any CPU
		{8D185102-688E-4A1C-BD2A-7A24596F4609}.Debug|x86.Build.0 = Debug|Any CPU
		{8D185102-688E-4A1C-BD2A-7A24596F4609}.Debug|x86.Deploy.0 = Debug|Any CPU
		{8D185102-688E-4A1C-BD2A-7A24596F4609}.Release|Any CPU.ActiveCfg = Release|Any CPU
		{8D185102-688E-4A1C-BD2A-7A24596F4609}.Release|Any CPU.Build.0 = Release|Any CPU
		{8D185102-688E-4A1C-BD2A-7A24596F4609}.Release|Any CPU.Deploy.0 = Release|Any CPU
		{8D185102-688E-4A1C-BD2A-7A24596F4609}.Release|ARM.ActiveCfg = Release|Any CPU
		{8D185102-688E-4A1C-BD2A-7A24596F4609}.Release|ARM.Build.0 = Release|Any CPU
		{8D185102-688E-4A1C-BD2A-7A24596F4609}.Release|ARM.Deploy.0 = Release|Any CPU
		{8D185102-688E-4A1C-BD2A-7A24596F4609}.Release|iPhone.ActiveCfg = Release|Any CPU
		{8D185102-688E-4A1C-BD2A-7A24596F4609}.Release|iPhone.Build.0 = Release|Any CPU
		{8D185102-688E-4A1C-BD2A-7A24596F4609}.Release|iPhone.Deploy.0 = Release|Any CPU
		{8D185102-688E-4A1C-BD2A-7A24596F4609}.Release|iPhoneSimulator.ActiveCfg = Release|Any CPU
		{8D185102-688E-4A1C-BD2A-7A24596F4609}.Release|iPhoneSimulator.Build.0 = Release|Any CPU
		{8D185102-688E-4A1C-BD2A-7A24596F4609}.Release|iPhoneSimulator.Deploy.0 = Release|Any CPU
		{8D185102-688E-4A1C-BD2A-7A24596F4609}.Release|x64.ActiveCfg = Release|Any CPU
		{8D185102-688E-4A1C-BD2A-7A24596F4609}.Release|x64.Build.0 = Release|Any CPU
		{8D185102-688E-4A1C-BD2A-7A24596F4609}.Release|x64.Deploy.0 = Release|Any CPU
		{8D185102-688E-4A1C-BD2A-7A24596F4609}.Release|x86.ActiveCfg = Release|Any CPU
		{8D185102-688E-4A1C-BD2A-7A24596F4609}.Release|x86.Build.0 = Release|Any CPU
		{8D185102-688E-4A1C-BD2A-7A24596F4609}.Release|x86.Deploy.0 = Release|Any CPU
		{0EDA90CF-3B76-4860-8DD8-34A7D52F8A50}.AppStore|Any CPU.ActiveCfg = Release|Any CPU
		{0EDA90CF-3B76-4860-8DD8-34A7D52F8A50}.AppStore|Any CPU.Build.0 = Release|Any CPU
		{0EDA90CF-3B76-4860-8DD8-34A7D52F8A50}.AppStore|ARM.ActiveCfg = Release|Any CPU
		{0EDA90CF-3B76-4860-8DD8-34A7D52F8A50}.AppStore|ARM.Build.0 = Release|Any CPU
		{0EDA90CF-3B76-4860-8DD8-34A7D52F8A50}.AppStore|iPhone.ActiveCfg = Release|Any CPU
		{0EDA90CF-3B76-4860-8DD8-34A7D52F8A50}.AppStore|iPhone.Build.0 = Release|Any CPU
		{0EDA90CF-3B76-4860-8DD8-34A7D52F8A50}.AppStore|iPhoneSimulator.ActiveCfg = Release|Any CPU
		{0EDA90CF-3B76-4860-8DD8-34A7D52F8A50}.AppStore|iPhoneSimulator.Build.0 = Release|Any CPU
		{0EDA90CF-3B76-4860-8DD8-34A7D52F8A50}.AppStore|x64.ActiveCfg = Release|Any CPU
		{0EDA90CF-3B76-4860-8DD8-34A7D52F8A50}.AppStore|x64.Build.0 = Release|Any CPU
		{0EDA90CF-3B76-4860-8DD8-34A7D52F8A50}.AppStore|x86.ActiveCfg = Release|Any CPU
		{0EDA90CF-3B76-4860-8DD8-34A7D52F8A50}.AppStore|x86.Build.0 = Release|Any CPU
		{0EDA90CF-3B76-4860-8DD8-34A7D52F8A50}.Debug|Any CPU.ActiveCfg = Debug|Any CPU
		{0EDA90CF-3B76-4860-8DD8-34A7D52F8A50}.Debug|Any CPU.Build.0 = Debug|Any CPU
		{0EDA90CF-3B76-4860-8DD8-34A7D52F8A50}.Debug|ARM.ActiveCfg = Debug|Any CPU
		{0EDA90CF-3B76-4860-8DD8-34A7D52F8A50}.Debug|ARM.Build.0 = Debug|Any CPU
		{0EDA90CF-3B76-4860-8DD8-34A7D52F8A50}.Debug|iPhone.ActiveCfg = Debug|Any CPU
		{0EDA90CF-3B76-4860-8DD8-34A7D52F8A50}.Debug|iPhone.Build.0 = Debug|Any CPU
		{0EDA90CF-3B76-4860-8DD8-34A7D52F8A50}.Debug|iPhoneSimulator.ActiveCfg = Debug|Any CPU
		{0EDA90CF-3B76-4860-8DD8-34A7D52F8A50}.Debug|iPhoneSimulator.Build.0 = Debug|Any CPU
		{0EDA90CF-3B76-4860-8DD8-34A7D52F8A50}.Debug|x64.ActiveCfg = Debug|Any CPU
		{0EDA90CF-3B76-4860-8DD8-34A7D52F8A50}.Debug|x64.Build.0 = Debug|Any CPU
		{0EDA90CF-3B76-4860-8DD8-34A7D52F8A50}.Debug|x86.ActiveCfg = Debug|Any CPU
		{0EDA90CF-3B76-4860-8DD8-34A7D52F8A50}.Debug|x86.Build.0 = Debug|Any CPU
		{0EDA90CF-3B76-4860-8DD8-34A7D52F8A50}.Release|Any CPU.ActiveCfg = Release|Any CPU
		{0EDA90CF-3B76-4860-8DD8-34A7D52F8A50}.Release|Any CPU.Build.0 = Release|Any CPU
		{0EDA90CF-3B76-4860-8DD8-34A7D52F8A50}.Release|ARM.ActiveCfg = Release|Any CPU
		{0EDA90CF-3B76-4860-8DD8-34A7D52F8A50}.Release|ARM.Build.0 = Release|Any CPU
		{0EDA90CF-3B76-4860-8DD8-34A7D52F8A50}.Release|iPhone.ActiveCfg = Release|Any CPU
		{0EDA90CF-3B76-4860-8DD8-34A7D52F8A50}.Release|iPhone.Build.0 = Release|Any CPU
		{0EDA90CF-3B76-4860-8DD8-34A7D52F8A50}.Release|iPhoneSimulator.ActiveCfg = Release|Any CPU
		{0EDA90CF-3B76-4860-8DD8-34A7D52F8A50}.Release|iPhoneSimulator.Build.0 = Release|Any CPU
		{0EDA90CF-3B76-4860-8DD8-34A7D52F8A50}.Release|x64.ActiveCfg = Release|Any CPU
		{0EDA90CF-3B76-4860-8DD8-34A7D52F8A50}.Release|x64.Build.0 = Release|Any CPU
		{0EDA90CF-3B76-4860-8DD8-34A7D52F8A50}.Release|x86.ActiveCfg = Release|Any CPU
		{0EDA90CF-3B76-4860-8DD8-34A7D52F8A50}.Release|x86.Build.0 = Release|Any CPU
		{4333D13C-CA4F-4A08-893C-4B6C62B93921}.AppStore|Any CPU.ActiveCfg = Release|x64
		{4333D13C-CA4F-4A08-893C-4B6C62B93921}.AppStore|Any CPU.Build.0 = Release|x64
		{4333D13C-CA4F-4A08-893C-4B6C62B93921}.AppStore|Any CPU.Deploy.0 = Release|x64
		{4333D13C-CA4F-4A08-893C-4B6C62B93921}.AppStore|ARM.ActiveCfg = Release|ARM
		{4333D13C-CA4F-4A08-893C-4B6C62B93921}.AppStore|ARM.Build.0 = Release|ARM
		{4333D13C-CA4F-4A08-893C-4B6C62B93921}.AppStore|ARM.Deploy.0 = Release|ARM
		{4333D13C-CA4F-4A08-893C-4B6C62B93921}.AppStore|iPhone.ActiveCfg = Release|x64
		{4333D13C-CA4F-4A08-893C-4B6C62B93921}.AppStore|iPhone.Build.0 = Release|x64
		{4333D13C-CA4F-4A08-893C-4B6C62B93921}.AppStore|iPhone.Deploy.0 = Release|x64
		{4333D13C-CA4F-4A08-893C-4B6C62B93921}.AppStore|iPhoneSimulator.ActiveCfg = Release|x64
		{4333D13C-CA4F-4A08-893C-4B6C62B93921}.AppStore|iPhoneSimulator.Build.0 = Release|x64
		{4333D13C-CA4F-4A08-893C-4B6C62B93921}.AppStore|iPhoneSimulator.Deploy.0 = Release|x64
		{4333D13C-CA4F-4A08-893C-4B6C62B93921}.AppStore|x64.ActiveCfg = Release|x64
		{4333D13C-CA4F-4A08-893C-4B6C62B93921}.AppStore|x64.Build.0 = Release|x64
		{4333D13C-CA4F-4A08-893C-4B6C62B93921}.AppStore|x64.Deploy.0 = Release|x64
		{4333D13C-CA4F-4A08-893C-4B6C62B93921}.AppStore|x86.ActiveCfg = Release|x86
		{4333D13C-CA4F-4A08-893C-4B6C62B93921}.AppStore|x86.Build.0 = Release|x86
		{4333D13C-CA4F-4A08-893C-4B6C62B93921}.AppStore|x86.Deploy.0 = Release|x86
		{4333D13C-CA4F-4A08-893C-4B6C62B93921}.Debug|Any CPU.ActiveCfg = Debug|x86
		{4333D13C-CA4F-4A08-893C-4B6C62B93921}.Debug|ARM.ActiveCfg = Debug|ARM
		{4333D13C-CA4F-4A08-893C-4B6C62B93921}.Debug|ARM.Build.0 = Debug|ARM
		{4333D13C-CA4F-4A08-893C-4B6C62B93921}.Debug|ARM.Deploy.0 = Debug|ARM
		{4333D13C-CA4F-4A08-893C-4B6C62B93921}.Debug|iPhone.ActiveCfg = Debug|x86
		{4333D13C-CA4F-4A08-893C-4B6C62B93921}.Debug|iPhoneSimulator.ActiveCfg = Debug|x86
		{4333D13C-CA4F-4A08-893C-4B6C62B93921}.Debug|x64.ActiveCfg = Debug|x64
		{4333D13C-CA4F-4A08-893C-4B6C62B93921}.Debug|x64.Build.0 = Debug|x64
		{4333D13C-CA4F-4A08-893C-4B6C62B93921}.Debug|x64.Deploy.0 = Debug|x64
		{4333D13C-CA4F-4A08-893C-4B6C62B93921}.Debug|x86.ActiveCfg = Debug|x86
		{4333D13C-CA4F-4A08-893C-4B6C62B93921}.Debug|x86.Build.0 = Debug|x86
		{4333D13C-CA4F-4A08-893C-4B6C62B93921}.Debug|x86.Deploy.0 = Debug|x86
		{4333D13C-CA4F-4A08-893C-4B6C62B93921}.Release|Any CPU.ActiveCfg = Release|x86
		{4333D13C-CA4F-4A08-893C-4B6C62B93921}.Release|ARM.ActiveCfg = Release|ARM
		{4333D13C-CA4F-4A08-893C-4B6C62B93921}.Release|ARM.Build.0 = Release|ARM
		{4333D13C-CA4F-4A08-893C-4B6C62B93921}.Release|ARM.Deploy.0 = Release|ARM
		{4333D13C-CA4F-4A08-893C-4B6C62B93921}.Release|iPhone.ActiveCfg = Release|x86
		{4333D13C-CA4F-4A08-893C-4B6C62B93921}.Release|iPhoneSimulator.ActiveCfg = Release|x86
		{4333D13C-CA4F-4A08-893C-4B6C62B93921}.Release|x64.ActiveCfg = Release|x64
		{4333D13C-CA4F-4A08-893C-4B6C62B93921}.Release|x64.Build.0 = Release|x64
		{4333D13C-CA4F-4A08-893C-4B6C62B93921}.Release|x64.Deploy.0 = Release|x64
		{4333D13C-CA4F-4A08-893C-4B6C62B93921}.Release|x86.ActiveCfg = Release|x86
		{4333D13C-CA4F-4A08-893C-4B6C62B93921}.Release|x86.Build.0 = Release|x86
		{4333D13C-CA4F-4A08-893C-4B6C62B93921}.Release|x86.Deploy.0 = Release|x86
	EndGlobalSection
	GlobalSection(SolutionProperties) = preSolution
		HideSolutionNode = FALSE
	EndGlobalSection
EndGlobal
